
Microsoft Visual Studio Solution File, Format Version 12.00
# Visual Studio Version 16
VisualStudioVersion = 16.0.31019.35
MinimumVisualStudioVersion = 10.0.40219.1
Project("{FAE04EC0-301F-11D3-BF4B-00C04F79EFBC}") = "ControleDeAmbiente.API", "ControleDeAmbiente.API\ControleDeAmbiente.API.csproj", "{5738C3A6-EA60-415D-BDB0-7DA6B47C2542}"
EndProject
Project("{FAE04EC0-301F-11D3-BF4B-00C04F79EFBC}") = "ControleDeAmbiente.BLL", "ControleDeAmbiente.BLL\ControleDeAmbiente.BLL.csproj", "{3E439A27-D590-4AE9-A226-99D0F38B78BF}"
EndProject
Project("{FAE04EC0-301F-11D3-BF4B-00C04F79EFBC}") = "ControleDeAmbiente.DAL", "ControleDeAmbiente.DAL\ControleDeAmbiente.DAL.csproj", "{2E752DC9-4118-4B33-B9F9-0AFAB1D10F9B}"
EndProject
Global
	GlobalSection(SolutionConfigurationPlatforms) = preSolution
		Debug|Any CPU = Debug|Any CPU
		Release|Any CPU = Release|Any CPU
	EndGlobalSection
	GlobalSection(ProjectConfigurationPlatforms) = postSolution
		{5738C3A6-EA60-415D-BDB0-7DA6B47C2542}.Debug|Any CPU.ActiveCfg = Debug|Any CPU
		{5738C3A6-EA60-415D-BDB0-7DA6B47C2542}.Debug|Any CPU.Build.0 = Debug|Any CPU
		{5738C3A6-EA60-415D-BDB0-7DA6B47C2542}.Release|Any CPU.ActiveCfg = Release|Any CPU
		{5738C3A6-EA60-415D-BDB0-7DA6B47C2542}.Release|Any CPU.Build.0 = Release|Any CPU
		{3E439A27-D590-4AE9-A226-99D0F38B78BF}.Debug|Any CPU.ActiveCfg = Debug|Any CPU
		{3E439A27-D590-4AE9-A226-99D0F38B78BF}.Debug|Any CPU.Build.0 = Debug|Any CPU
		{3E439A27-D590-4AE9-A226-99D0F38B78BF}.Release|Any CPU.ActiveCfg = Release|Any CPU
		{3E439A27-D590-4AE9-A226-99D0F38B78BF}.Release|Any CPU.Build.0 = Release|Any CPU
		{2E752DC9-4118-4B33-B9F9-0AFAB1D10F9B}.Debug|Any CPU.ActiveCfg = Debug|Any CPU
		{2E752DC9-4118-4B33-B9F9-0AFAB1D10F9B}.Debug|Any CPU.Build.0 = Debug|Any CPU
		{2E752DC9-4118-4B33-B9F9-0AFAB1D10F9B}.Release|Any CPU.ActiveCfg = Release|Any CPU
		{2E752DC9-4118-4B33-B9F9-0AFAB1D10F9B}.Release|Any CPU.Build.0 = Release|Any CPU
	EndGlobalSection
	GlobalSection(SolutionProperties) = preSolution
		HideSolutionNode = FALSE
	EndGlobalSection
	GlobalSection(ExtensibilityGlobals) = postSolution
		SolutionGuid = {83EC164D-3446-4B0B-BC5C-48087AA65C7D}
	EndGlobalSection
EndGlobal
